
Microsoft Visual Studio Solution File, Format Version 12.00
# Visual Studio Version 16
VisualStudioVersion = 16.0.31515.178
MinimumVisualStudioVersion = 10.0.40219.1
Project("{FAE04EC0-301F-11D3-BF4B-00C04F79EFBC}") = "ArrayDemo1", "ArrayDemo1\ArrayDemo1.csproj", "{C0C0E8A4-71A6-469E-AEF4-EF6B6F899F49}"
EndProject
Project("{2150E333-8FDC-42A3-9474-1A3956D46DE8}") = "Solution Items", "Solution Items", "{85CDA501-7397-4B90-924C-D222DE80C8C1}"
	ProjectSection(SolutionItems) = preProject
		.gitignore = .gitignore
	EndProjectSection
EndProject
Project("{FAE04EC0-301F-11D3-BF4B-00C04F79EFBC}") = "ArrayDemo2", "ArrayDemo2\ArrayDemo2.csproj", "{E0EBEC50-E11D-4287-9312-82E8DDB56F7E}"
EndProject
Project("{FAE04EC0-301F-11D3-BF4B-00C04F79EFBC}") = "student database", "student database\student database.csproj", "{134D8A3F-EA13-4E97-AE56-832015AB0E3B}"
EndProject
Global
	GlobalSection(SolutionConfigurationPlatforms) = preSolution
		Debug|Any CPU = Debug|Any CPU
		Release|Any CPU = Release|Any CPU
	EndGlobalSection
	GlobalSection(ProjectConfigurationPlatforms) = postSolution
		{C0C0E8A4-71A6-469E-AEF4-EF6B6F899F49}.Debug|Any CPU.ActiveCfg = Debug|Any CPU
		{C0C0E8A4-71A6-469E-AEF4-EF6B6F899F49}.Debug|Any CPU.Build.0 = Debug|Any CPU
		{C0C0E8A4-71A6-469E-AEF4-EF6B6F899F49}.Release|Any CPU.ActiveCfg = Release|Any CPU
		{C0C0E8A4-71A6-469E-AEF4-EF6B6F899F49}.Release|Any CPU.Build.0 = Release|Any CPU
		{E0EBEC50-E11D-4287-9312-82E8DDB56F7E}.Debug|Any CPU.ActiveCfg = Debug|Any CPU
		{E0EBEC50-E11D-4287-9312-82E8DDB56F7E}.Debug|Any CPU.Build.0 = Debug|Any CPU
		{E0EBEC50-E11D-4287-9312-82E8DDB56F7E}.Release|Any CPU.ActiveCfg = Release|Any CPU
		{E0EBEC50-E11D-4287-9312-82E8DDB56F7E}.Release|Any CPU.Build.0 = Release|Any CPU
		{134D8A3F-EA13-4E97-AE56-832015AB0E3B}.Debug|Any CPU.ActiveCfg = Debug|Any CPU
		{134D8A3F-EA13-4E97-AE56-832015AB0E3B}.Debug|Any CPU.Build.0 = Debug|Any CPU
		{134D8A3F-EA13-4E97-AE56-832015AB0E3B}.Release|Any CPU.ActiveCfg = Release|Any CPU
		{134D8A3F-EA13-4E97-AE56-832015AB0E3B}.Release|Any CPU.Build.0 = Release|Any CPU
	EndGlobalSection
	GlobalSection(SolutionProperties) = preSolution
		HideSolutionNode = FALSE
	EndGlobalSection
	GlobalSection(ExtensibilityGlobals) = postSolution
		SolutionGuid = {CA7FC5FE-CCC1-4E67-9481-D7F6A60DC0B2}
	EndGlobalSection
EndGlobal
